
Microsoft Visual Studio Solution File, Format Version 12.00
# Visual Studio 14
VisualStudioVersion = 14.0.25420.1
MinimumVisualStudioVersion = 10.0.40219.1
Project("{FAE04EC0-301F-11D3-BF4B-00C04F79EFBC}") = "cognex_tesanj", "cognex_tesanj\cognex_tesanj.csproj", "{BCD801DD-63C2-414A-A259-0E4F6E3805E0}"
EndProject
Project("{2150E333-8FDC-42A3-9474-1A3956D46DE8}") = "Solution Items", "Solution Items", "{A1EE2309-3574-4AB8-8F42-802C1F3099FF}"
	ProjectSection(SolutionItems) = preProject
		res\login.png = res\login.png
	EndProjectSection
EndProject
Global
	GlobalSection(SolutionConfigurationPlatforms) = preSolution
		Debug|Any CPU = Debug|Any CPU
		Debug|x86 = Debug|x86
		Release|Any CPU = Release|Any CPU
		Release|x86 = Release|x86
	EndGlobalSection
	GlobalSection(ProjectConfigurationPlatforms) = postSolution
		{BCD801DD-63C2-414A-A259-0E4F6E3805E0}.Debug|Any CPU.ActiveCfg = Debug|Any CPU
		{BCD801DD-63C2-414A-A259-0E4F6E3805E0}.Debug|Any CPU.Build.0 = Debug|Any CPU
		{BCD801DD-63C2-414A-A259-0E4F6E3805E0}.Debug|x86.ActiveCfg = Debug|x86
		{BCD801DD-63C2-414A-A259-0E4F6E3805E0}.Debug|x86.Build.0 = Debug|x86
		{BCD801DD-63C2-414A-A259-0E4F6E3805E0}.Release|Any CPU.ActiveCfg = Release|Any CPU
		{BCD801DD-63C2-414A-A259-0E4F6E3805E0}.Release|Any CPU.Build.0 = Release|Any CPU
		{BCD801DD-63C2-414A-A259-0E4F6E3805E0}.Release|x86.ActiveCfg = Release|x86
		{BCD801DD-63C2-414A-A259-0E4F6E3805E0}.Release|x86.Build.0 = Release|x86
	EndGlobalSection
	GlobalSection(SolutionProperties) = preSolution
		HideSolutionNode = FALSE
	EndGlobalSection
EndGlobal
